
Microsoft Visual Studio Solution File, Format Version 12.00
# Visual Studio 2012
Project("{FAE04EC0-301F-11D3-BF4B-00C04F79EFBC}") = "RegalHR", "RegalHR\RegalHR.csproj", "{E56699FF-A693-4566-8BB0-7D4C9AC9079C}"
EndProject
Project("{FAE04EC0-301F-11D3-BF4B-00C04F79EFBC}") = "RegalHRModel", "RegalHRModel\RegalHRModel.csproj", "{0C9BBF24-3C56-4DD5-A151-2D5EE9D469F5}"
EndProject
Global
	GlobalSection(SolutionConfigurationPlatforms) = preSolution
		Debug|Any CPU = Debug|Any CPU
		Release|Any CPU = Release|Any CPU
	EndGlobalSection
	GlobalSection(ProjectConfigurationPlatforms) = postSolution
		{E56699FF-A693-4566-8BB0-7D4C9AC9079C}.Debug|Any CPU.ActiveCfg = Debug|Any CPU
		{E56699FF-A693-4566-8BB0-7D4C9AC9079C}.Debug|Any CPU.Build.0 = Debug|Any CPU
		{E56699FF-A693-4566-8BB0-7D4C9AC9079C}.Release|Any CPU.ActiveCfg = Release|Any CPU
		{E56699FF-A693-4566-8BB0-7D4C9AC9079C}.Release|Any CPU.Build.0 = Release|Any CPU
		{0C9BBF24-3C56-4DD5-A151-2D5EE9D469F5}.Debug|Any CPU.ActiveCfg = Debug|Any CPU
		{0C9BBF24-3C56-4DD5-A151-2D5EE9D469F5}.Debug|Any CPU.Build.0 = Debug|Any CPU
		{0C9BBF24-3C56-4DD5-A151-2D5EE9D469F5}.Release|Any CPU.ActiveCfg = Release|Any CPU
		{0C9BBF24-3C56-4DD5-A151-2D5EE9D469F5}.Release|Any CPU.Build.0 = Release|Any CPU
	EndGlobalSection
	GlobalSection(SolutionProperties) = preSolution
		HideSolutionNode = FALSE
	EndGlobalSection
EndGlobal
